<?xml version="1.0" encoding="UTF-8"?>
<Scheme
   LastUpgradeVersion = "1630"
   version = "1.7">
   <BuildAction
      parallelizeBuildables = "YES"
      buildImplicitDependencies = "YES"
      buildArchitectures = "Automatic">
      <BuildActionEntries>
         <BuildActionEntry
            buildForTesting = "YES"
            buildForRunning = "YES"
            buildForProfiling = "YES"
            buildForArchiving = "YES"
            buildForAnalyzing = "YES">
            <BuildableReference
               BuildableIdentifier = "primary"
               BlueprintIdentifier = "79B90B1F2D62B51E00657766"
               BuildableName = "MeowMate.app"
               BlueprintName = "MeowMate"
               ReferencedContainer = "container:MeowMate.xcodeproj">
            </BuildableReference>
         </BuildActionEntry>
      </BuildActionEntries>
   </BuildAction>
   <TestAction
      buildConfiguration = "Debug"
      selectedDebuggerIdentifier = "Xcode.DebuggerFoundation.Debugger.LLDB"
      selectedLauncherIdentifier = "Xcode.DebuggerFoundation.Launcher.LLDB"
      shouldUseLaunchSchemeArgsEnv = "YES"
      shouldAutocreateTestPlan = "YES">
      <Testables>
         <TestableReference
            skipped = "NO"
            parallelizable = "YES">
            <BuildableReference
               BuildableIdentifier = "primary"
               BlueprintIdentifier = "79B90B2F2D62B52000657766"
               BuildableName = "MeowMateTests.xctest"
               BlueprintName = "MeowMateTests"
               ReferencedContainer = "container:MeowMate.xcodeproj">
            </BuildableReference>
         </TestableReference>
         <TestableReference
            skipped = "NO"
            parallelizable = "YES">
            <BuildableReference
               BuildableIdentifier = "primary"
               BlueprintIdentifier = "79B90B392D62B52000657766"
               BuildableName = "MeowMateUITests.xctest"
               BlueprintName = "MeowMateUITests"
               ReferencedContainer = "container:MeowMate.xcodeproj">
            </BuildableReference>
         </TestableReference>
      </Testables>
   </TestAction>
   <LaunchAction
      buildConfiguration = "Debug"
      selectedDebuggerIdentifier = "Xcode.DebuggerFoundation.Debugger.LLDB"
      selectedLauncherIdentifier = "Xcode.DebuggerFoundation.Launcher.LLDB"
      launchStyle = "0"
      useCustomWorkingDirectory = "NO"
      ignoresPersistentStateOnLaunch = "NO"
      debugDocumentVersioning = "YES"
      debugServiceExtension = "internal"
      allowLocationSimulation = "YES">
      <BuildableProductRunnable
         runnableDebuggingMode = "0">
         <BuildableReference
            BuildableIdentifier = "primary"
            BlueprintIdentifier = "79B90B1F2D62B51E00657766"
            BuildableName = "MeowMate.app"
            BlueprintName = "MeowMate"
            ReferencedContainer = "container:MeowMate.xcodeproj">
         </BuildableReference>
      </BuildableProductRunnable>
      <EnvironmentVariables>
         <EnvironmentVariable
            key = "OPENAI_API_KEY"
            value = "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"
            isEnabled = "YES">
         </EnvironmentVariable>
         <EnvironmentVariable
            key = "CAT_API_KEY"
            value = "live_1jaydmAeXpGa3rl4Urjd1w8UuevfLp2FGvSycWAR4uZ8gS6kjyvbNrahOhathATD"
            isEnabled = "YES">
         </EnvironmentVariable>
      </EnvironmentVariables>
   </LaunchAction>
   <ProfileAction
      buildConfiguration = "Release"
      shouldUseLaunchSchemeArgsEnv = "YES"
      savedToolIdentifier = ""
      useCustomWorkingDirectory = "NO"
      debugDocumentVersioning = "YES">
      <BuildableProductRunnable
         runnableDebuggingMode = "0">
         <BuildableReference
            BuildableIdentifier = "primary"
            BlueprintIdentifier = "79B90B1F2D62B51E00657766"
            BuildableName = "MeowMate.app"
            BlueprintName = "MeowMate"
            ReferencedContainer = "container:MeowMate.xcodeproj">
         </BuildableReference>
      </BuildableProductRunnable>
   </ProfileAction>
   <AnalyzeAction
      buildConfiguration = "Debug">
   </AnalyzeAction>
   <ArchiveAction
      buildConfiguration = "Release"
      revealArchiveInOrganizer = "YES">
   </ArchiveAction>
</Scheme>
